PODS:
  - BlocksKit/DynamicDelegate (2.2.5)
  - Emitter (0.0.7):
    - BlocksKit/DynamicDelegate
  - Expecta (0.3.1)
  - GCDTimer (1.1.0)
  - libextobjc/EXTScope (0.4):
    - libextobjc/RuntimeExtensions
  - libextobjc/RuntimeExtensions (0.4)
  - OCHamcrest (4.0.1)
  - OCMockito (1.3.0):
    - OCHamcrest (~> 4.0)
    - TPWeakProxy (~> 1.0)
  - Reachability (3.1.1)
  - socket.IO (0.5.2):
    - SocketRocket (~> 0.2)
  - SocketRocket (0.3.1-beta2)
  - Specta (0.2.1)
  - TPWeakProxy (1.0.0)

DEPENDENCIES:
  - Emitter
  - Expecta
  - GCDTimer
  - libextobjc/EXTScope
  - OCMockito
  - Reachability
  - socket.IO
  - SocketRocket
  - Specta

SPEC CHECKSUMS:
  BlocksKit: 4439e7f30a9f90743462ca63545a15c1f4304cef
  Emitter: be2820bd9ef5a3644da3cb34d9ec19e44c1213e6
  Expecta: 03aabd0a89d8dea843baecb19a7fd7466a69a31d
  GCDTimer: a5992055d0391db6ff1e068b0a4ca6befd1deade
  libextobjc: ba42e4111f433273a886cd54f0ddaddb7f62f82f
  OCHamcrest: b464725bbb48d0f1cd9c6f4ec3cb35fe0c4f2b94
  OCMockito: eca2670b3ce4a457d316b046a36d6f2b980a4da7
  Reachability: 8e9635e3cb4f98e7f825e51147f677ecc694d0e7
  socket.IO: db3e71805c862038ab73209dda2b0ad6babc54b2
  SocketRocket: 79a68ae186063c65e1fe6f638b1ae2927aa5f304
  Specta: 9141310f46b1f68b676650ff2854e1ed0b74163a
  TPWeakProxy: a23251ba7fbe268c93f809cc072ef834f5063798

COCOAPODS: 0.33.1
