PODS:
  - BlocksKit/DynamicDelegate (2.2.0):
    - BlocksKit/MiniFFI
  - Emitter (0.0.5):
    - BlocksKit/DynamicDelegate (= 2.2.0)
    - SLObjectiveCRuntimeAdditions
  - Expecta (0.3.0)
  - libextobjc/EXTScope (0.4):
    - libextobjc/RuntimeExtensions
  - libextobjc/RuntimeExtensions (0.4)
  - NSTimer-Blocks (0.0.1)
  - OCHamcrest (3.0.1)
  - OCMockito (1.1.0):
    - OCHamcrest (~> 3.0)
  - Reachability (3.1.1)
  - SLObjectiveCRuntimeAdditions (1.1.2)
  - socket.IO (0.5.1):
    - SocketRocket (~> 0.2)
  - SocketRocket (0.3.1-beta2)
  - Specta (0.2.1)

DEPENDENCIES:
  - Emitter
  - Expecta
  - libextobjc/EXTScope
  - NSTimer-Blocks
  - OCMockito
  - Reachability
  - socket.IO
  - SocketRocket
  - Specta

SPEC CHECKSUMS:
  Emitter: 3a879b431df550a28ce78afd7f8029f1cdc04668
  BlocksKit: 1b106f407a11997fd79e1da31453758e51277613
  Expecta: 322f1dc42610106a5ba9871b4924cf1635d80833
  libextobjc: 2c9fc8226f0f38e562587f65172f93f0c9b4a47a
  NSTimer-Blocks: 99f52d61c29429d7e8ef0c82e596f317addb9421
  OCHamcrest: 782c52ae8c673e5d6060a65005cfd26d20d519ba
  OCMockito: 317fa0cf75c9b0d73d2be335789c556537be7fd2
  Reachability: be4883bb93f31e38266ae3365e5600a317aae735
  SLObjectiveCRuntimeAdditions: 3fa6a14b9d09ed386180b19de1267bb1cd8a9aad
  socket.IO: cbcdf2447ea4f58f97f35d4a1feeddc84423d595
  SocketRocket: 7ac946bcce46287a791dfff3c1f8daa692821dae
  Specta: 2d06220591110c6d9757d8be8ecf8e63aa40dc2a

COCOAPODS: 0.29.0
